
Microsoft Visual Studio Solution File, Format Version 12.00
# Visual Studio 15
VisualStudioVersion = 15.0.28307.421
MinimumVisualStudioVersion = 10.0.40219.1
Project("{FAE04EC0-301F-11D3-BF4B-00C04F79EFBC}") = "Dz_12", "Dz_12\Dz_12.csproj", "{2E3256CB-9E77-4DE2-85C0-E6E321B9C68C}"
EndProject
Global
	GlobalSection(SolutionConfigurationPlatforms) = preSolution
		Debug|Any CPU = Debug|Any CPU
		Release|Any CPU = Release|Any CPU
	EndGlobalSection
	GlobalSection(ProjectConfigurationPlatforms) = postSolution
		{2E3256CB-9E77-4DE2-85C0-E6E321B9C68C}.Debug|Any CPU.ActiveCfg = Debug|Any CPU
		{2E3256CB-9E77-4DE2-85C0-E6E321B9C68C}.Debug|Any CPU.Build.0 = Debug|Any CPU
		{2E3256CB-9E77-4DE2-85C0-E6E321B9C68C}.Release|Any CPU.ActiveCfg = Release|Any CPU
		{2E3256CB-9E77-4DE2-85C0-E6E321B9C68C}.Release|Any CPU.Build.0 = Release|Any CPU
	EndGlobalSection
	GlobalSection(SolutionProperties) = preSolution
		HideSolutionNode = FALSE
	EndGlobalSection
	GlobalSection(ExtensibilityGlobals) = postSolution
		SolutionGuid = {CDC28342-DFFE-4846-B491-D9B614D4BAFE}
	EndGlobalSection
EndGlobal
